[[package]]
name = "pyglet"
version = "1.5.26"
description = "Cross-platform windowing and multimedia library"
category = "main"
optional = false
python-versions = "*"

[metadata]
lock-version = "1.1"
python-versions = "^3.10"
content-hash = "3b2bfc9f0867241f40c17ef7ed6f99944e4c9473ad3bf29cdecf7263fb6da4fc"

[metadata.files]
pyglet = [
    {file = "pyglet-1.5.26-py3-none-any.whl", hash = "sha256:529b7b1198df3a8399b9621a99ca5e29cd32bb98428bd0e8ba699afa4ba96d2b"},
    {file = "pyglet-1.5.26.zip", hash = "sha256:ee8c5e0b5b87df84188e20e552982eba8da00944b4c5560f1cfdd5c9714d19b0"},
]
